// !$*UTF8*$!
{
	archiveVersion = 1;
	classes = {
	};
	objectVersion = 55;
	objects = {

/* Begin PBXBuildFile section */
		0404A27628DE5BCD006AB205 /* MovieDetailsViewController.swift in Sources */ = {isa = PBXBuildFile; fileRef = 0404A27528DE5BCD006AB205 /* MovieDetailsViewController.swift */; };
		0404A27828DEA21D006AB205 /* MovieGridViewController.swift in Sources */ = {isa = PBXBuildFile; fileRef = 0404A27728DEA21C006AB205 /* MovieGridViewController.swift */; };
		04E062BE28D6ED0700DAA96F /* AppDelegate.swift in Sources */ = {isa = PBXBuildFile; fileRef = 04E062BD28D6ED0700DAA96F /* AppDelegate.swift */; };
		04E062C028D6ED0700DAA96F /* SceneDelegate.swift in Sources */ = {isa = PBXBuildFile; fileRef = 04E062BF28D6ED0700DAA96F /* SceneDelegate.swift */; };
		04E062C228D6ED0700DAA96F /* MoviesViewController.swift in Sources */ = {isa = PBXBuildFile; fileRef = 04E062C128D6ED0700DAA96F /* MoviesViewController.swift */; };
		04E062C528D6ED0700DAA96F /* Main.storyboard in Resources */ = {isa = PBXBuildFile; fileRef = 04E062C328D6ED0700DAA96F /* Main.storyboard */; };
		04E062C728D6ED0E00DAA96F /* Assets.xcassets in Resources */ = {isa = PBXBuildFile; fileRef = 04E062C628D6ED0E00DAA96F /* Assets.xcassets */; };
		04E062CA28D6ED0E00DAA96F /* LaunchScreen.storyboard in Resources */ = {isa = PBXBuildFile; fileRef = 04E062C828D6ED0E00DAA96F /* LaunchScreen.storyboard */; };
		04E062D528D6ED0E00DAA96F /* FlixTests.swift in Sources */ = {isa = PBXBuildFile; fileRef = 04E062D428D6ED0E00DAA96F /* FlixTests.swift */; };
		04E062DF28D6ED0E00DAA96F /* FlixUITests.swift in Sources */ = {isa = PBXBuildFile; fileRef = 04E062DE28D6ED0E00DAA96F /* FlixUITests.swift */; };
		04E062E128D6ED0E00DAA96F /* FlixUITestsLaunchTests.swift in Sources */ = {isa = PBXBuildFile; fileRef = 04E062E028D6ED0E00DAA96F /* FlixUITestsLaunchTests.swift */; };
		04E062EE28D7629100DAA96F /* MovieCell.swift in Sources */ = {isa = PBXBuildFile; fileRef = 04E062ED28D7629100DAA96F /* MovieCell.swift */; };
		04E062F128D7B6EF00DAA96F /* AlamofireImage in Frameworks */ = {isa = PBXBuildFile; productRef = 04E062F028D7B6EF00DAA96F /* AlamofireImage */; };
		63B7B003907F768A421BD8D4 /* Pods_Flix_FlixUITests.framework in Frameworks */ = {isa = PBXBuildFile; fileRef = C673D88A252CC6793A792B08 /* Pods_Flix_FlixUITests.framework */; };
		7726393D092AAE0FA8FA0040 /* Pods_Flix.framework in Frameworks */ = {isa = PBXBuildFile; fileRef = 1AE8841C9DB5164A2F717920 /* Pods_Flix.framework */; };
		B69781B5782EB93CD4F33F41 /* Pods_FlixTests.framework in Frameworks */ = {isa = PBXBuildFile; fileRef = 69AB741865EFEF317868724E /* Pods_FlixTests.framework */; };
/* End PBXBuildFile section */

/* Begin PBXContainerItemProxy section */
		04E062D128D6ED0E00DAA96F /* PBXContainerItemProxy */ = {
			isa = PBXContainerItemProxy;
			containerPortal = 04E062B228D6ED0700DAA96F /* Project object */;
			proxyType = 1;
			remoteGlobalIDString = 04E062B928D6ED0700DAA96F;
			remoteInfo = Flix;
		};
		04E062DB28D6ED0E00DAA96F /* PBXContainerItemProxy */ = {
			isa = PBXContainerItemProxy;
			containerPortal = 04E062B228D6ED0700DAA96F /* Project object */;
			proxyType = 1;
			remoteGlobalIDString = 04E062B928D6ED0700DAA96F;
			remoteInfo = Flix;
		};
/* End PBXContainerItemProxy section */

/* Begin PBXFileReference section */
		0404A27528DE5BCD006AB205 /* MovieDetailsViewController.swift */ = {isa = PBXFileReference; lastKnownFileType = sourcecode.swift; path = MovieDetailsViewController.swift; sourceTree = "<group>"; };
		0404A27728DEA21C006AB205 /* MovieGridViewController.swift */ = {isa = PBXFileReference; lastKnownFileType = sourcecode.swift; path = MovieGridViewController.swift; sourceTree = "<group>"; };
		04E062BA28D6ED0700DAA96F /* Flix.app */ = {isa = PBXFileReference; explicitFileType = wrapper.application; includeInIndex = 0; path = Flix.app; sourceTree = BUILT_PRODUCTS_DIR; };
		04E062BD28D6ED0700DAA96F /* AppDelegate.swift */ = {isa = PBXFileReference; lastKnownFileType = sourcecode.swift; path = AppDelegate.swift; sourceTree = "<group>"; };
		04E062BF28D6ED0700DAA96F /* SceneDelegate.swift */ = {isa = PBXFileReference; lastKnownFileType = sourcecode.swift; path = SceneDelegate.swift; sourceTree = "<group>"; };
		04E062C128D6ED0700DAA96F /* MoviesViewController.swift */ = {isa = PBXFileReference; lastKnownFileType = sourcecode.swift; path = MoviesViewController.swift; sourceTree = "<group>"; };
		04E062C428D6ED0700DAA96F /* Base */ = {isa = PBXFileReference; lastKnownFileType = file.storyboard; name = Base; path = Base.lproj/Main.storyboard; sourceTree = "<group>"; };
		04E062C628D6ED0E00DAA96F /* Assets.xcassets */ = {isa = PBXFileReference; lastKnownFileType = folder.assetcatalog; path = Assets.xcassets; sourceTree = "<group>"; };
		04E062C928D6ED0E00DAA96F /* Base */ = {isa = PBXFileReference; lastKnownFileType = file.storyboard; name = Base; path = Base.lproj/LaunchScreen.storyboard; sourceTree = "<group>"; };
		04E062CB28D6ED0E00DAA96F /* Info.plist */ = {isa = PBXFileReference; lastKnownFileType = text.plist.xml; path = Info.plist; sourceTree = "<group>"; };
		04E062D028D6ED0E00DAA96F /* FlixTests.xctest */ = {isa = PBXFileReference; explicitFileType = wrapper.cfbundle; includeInIndex = 0; path = FlixTests.xctest; sourceTree = BUILT_PRODUCTS_DIR; };
		04E062D428D6ED0E00DAA96F /* FlixTests.swift */ = {isa = PBXFileReference; lastKnownFileType = sourcecode.swift; path = FlixTests.swift; sourceTree = "<group>"; };
		04E062DA28D6ED0E00DAA96F /* FlixUITests.xctest */ = {isa = PBXFileReference; explicitFileType = wrapper.cfbundle; includeInIndex = 0; path = FlixUITests.xctest; sourceTree = BUILT_PRODUCTS_DIR; };
		04E062DE28D6ED0E00DAA96F /* FlixUITests.swift */ = {isa = PBXFileReference; lastKnownFileType = sourcecode.swift; path = FlixUITests.swift; sourceTree = "<group>"; };
		04E062E028D6ED0E00DAA96F /* FlixUITestsLaunchTests.swift */ = {isa = PBXFileReference; lastKnownFileType = sourcecode.swift; path = FlixUITestsLaunchTests.swift; sourceTree = "<group>"; };
		04E062ED28D7629100DAA96F /* MovieCell.swift */ = {isa = PBXFileReference; lastKnownFileType = sourcecode.swift; path = MovieCell.swift; sourceTree = "<group>"; };
		1AE8841C9DB5164A2F717920 /* Pods_Flix.framework */ = {isa = PBXFileReference; explicitFileType = wrapper.framework; includeInIndex = 0; path = Pods_Flix.framework; sourceTree = BUILT_PRODUCTS_DIR; };
		284EDE36EB0715C6196013BE /* Pods-Flix.debug.xcconfig */ = {isa = PBXFileReference; includeInIndex = 1; lastKnownFileType = text.xcconfig; name = "Pods-Flix.debug.xcconfig"; path = "Target Support Files/Pods-Flix/Pods-Flix.debug.xcconfig"; sourceTree = "<group>"; };
		52CE0B682B46EFFFC4560A06 /* Pods-Flix.release.xcconfig */ = {isa = PBXFileReference; includeInIndex = 1; lastKnownFileType = text.xcconfig; name = "Pods-Flix.release.xcconfig"; path = "Target Support Files/Pods-Flix/Pods-Flix.release.xcconfig"; sourceTree = "<group>"; };
		573955FE545026FD5C17446C /* Pods-Flix-FlixUITests.release.xcconfig */ = {isa = PBXFileReference; includeInIndex = 1; lastKnownFileType = text.xcconfig; name = "Pods-Flix-FlixUITests.release.xcconfig"; path = "Target Support Files/Pods-Flix-FlixUITests/Pods-Flix-FlixUITests.release.xcconfig"; sourceTree = "<group>"; };
		5BB05139F601DA3252572C26 /* Pods-FlixTests.release.xcconfig */ = {isa = PBXFileReference; includeInIndex = 1; lastKnownFileType = text.xcconfig; name = "Pods-FlixTests.release.xcconfig"; path = "Target Support Files/Pods-FlixTests/Pods-FlixTests.release.xcconfig"; sourceTree = "<group>"; };
		69AB741865EFEF317868724E /* Pods_FlixTests.framework */ = {isa = PBXFileReference; explicitFileType = wrapper.framework; includeInIndex = 0; path = Pods_FlixTests.framework; sourceTree = BUILT_PRODUCTS_DIR; };
		93059C22B613A03DA7214AF4 /* Pods-Flix-FlixUITests.debug.xcconfig */ = {isa = PBXFileReference; includeInIndex = 1; lastKnownFileType = text.xcconfig; name = "Pods-Flix-FlixUITests.debug.xcconfig"; path = "Target Support Files/Pods-Flix-FlixUITests/Pods-Flix-FlixUITests.debug.xcconfig"; sourceTree = "<group>"; };
		A976F1D77F69B7D173BA946E /* Pods-FlixTests.debug.xcconfig */ = {isa = PBXFileReference; includeInIndex = 1; lastKnownFileType = text.xcconfig; name = "Pods-FlixTests.debug.xcconfig"; path = "Target Support Files/Pods-FlixTests/Pods-FlixTests.debug.xcconfig"; sourceTree = "<group>"; };
		C673D88A252CC6793A792B08 /* Pods_Flix_FlixUITests.framework */ = {isa = PBXFileReference; explicitFileType = wrapper.framework; includeInIndex = 0; path = Pods_Flix_FlixUITests.framework; sourceTree = BUILT_PRODUCTS_DIR; };
/* End PBXFileReference section */

/* Begin PBXFrameworksBuildPhase section */
		04E062B728D6ED0700DAA96F /* Frameworks */ = {
			isa = PBXFrameworksBuildPhase;
			buildActionMask = 2147483647;
			files = (
				04E062F128D7B6EF00DAA96F /* AlamofireImage in Frameworks */,
				7726393D092AAE0FA8FA0040 /* Pods_Flix.framework in Frameworks */,
			);
			runOnlyForDeploymentPostprocessing = 0;
		};
		04E062CD28D6ED0E00DAA96F /* Frameworks */ = {
			isa = PBXFrameworksBuildPhase;
			buildActionMask = 2147483647;
			files = (
				B69781B5782EB93CD4F33F41 /* Pods_FlixTests.framework in Frameworks */,
			);
			runOnlyForDeploymentPostprocessing = 0;
		};
		04E062D728D6ED0E00DAA96F /* Frameworks */ = {
			isa = PBXFrameworksBuildPhase;
			buildActionMask = 2147483647;
			files = (
				63B7B003907F768A421BD8D4 /* Pods_Flix_FlixUITests.framework in Frameworks */,
			);
			runOnlyForDeploymentPostprocessing = 0;
		};
/* End PBXFrameworksBuildPhase section */

/* Begin PBXGroup section */
		04E062B128D6ED0700DAA96F = {
			isa = PBXGroup;
			children = (
				04E062BC28D6ED0700DAA96F /* Flix */,
				04E062D328D6ED0E00DAA96F /* FlixTests */,
				04E062DD28D6ED0E00DAA96F /* FlixUITests */,
				04E062BB28D6ED0700DAA96F /* Products */,
				09BC6E14AB305EB3F4C43F91 /* Pods */,
				A227BD963D7BA6ECF9147FFE /* Frameworks */,
			);
			sourceTree = "<group>";
		};
		04E062BB28D6ED0700DAA96F /* Products */ = {
			isa = PBXGroup;
			children = (
				04E062BA28D6ED0700DAA96F /* Flix.app */,
				04E062D028D6ED0E00DAA96F /* FlixTests.xctest */,
				04E062DA28D6ED0E00DAA96F /* FlixUITests.xctest */,
			);
			name = Products;
			sourceTree = "<group>";
		};
		04E062BC28D6ED0700DAA96F /* Flix */ = {
			isa = PBXGroup;
			children = (
				04E062BD28D6ED0700DAA96F /* AppDelegate.swift */,
				04E062BF28D6ED0700DAA96F /* SceneDelegate.swift */,
				04E062C128D6ED0700DAA96F /* MoviesViewController.swift */,
				04E062C328D6ED0700DAA96F /* Main.storyboard */,
				04E062C628D6ED0E00DAA96F /* Assets.xcassets */,
				04E062C828D6ED0E00DAA96F /* LaunchScreen.storyboard */,
				04E062CB28D6ED0E00DAA96F /* Info.plist */,
				04E062ED28D7629100DAA96F /* MovieCell.swift */,
				0404A27528DE5BCD006AB205 /* MovieDetailsViewController.swift */,
				0404A27728DEA21C006AB205 /* MovieGridViewController.swift */,
			);
			path = Flix;
			sourceTree = "<group>";
		};
		04E062D328D6ED0E00DAA96F /* FlixTests */ = {
			isa = PBXGroup;
			children = (
				04E062D428D6ED0E00DAA96F /* FlixTests.swift */,
			);
			path = FlixTests;
			sourceTree = "<group>";
		};
		04E062DD28D6ED0E00DAA96F /* FlixUITests */ = {
			isa = PBXGroup;
			children = (
				04E062DE28D6ED0E00DAA96F /* FlixUITests.swift */,
				04E062E028D6ED0E00DAA96F /* FlixUITestsLaunchTests.swift */,
			);
			path = FlixUITests;
			sourceTree = "<group>";
		};
		09BC6E14AB305EB3F4C43F91 /* Pods */ = {
			isa = PBXGroup;
			children = (
				284EDE36EB0715C6196013BE /* Pods-Flix.debug.xcconfig */,
				52CE0B682B46EFFFC4560A06 /* Pods-Flix.release.xcconfig */,
				93059C22B613A03DA7214AF4 /* Pods-Flix-FlixUITests.debug.xcconfig */,
				573955FE545026FD5C17446C /* Pods-Flix-FlixUITests.release.xcconfig */,
				A976F1D77F69B7D173BA946E /* Pods-FlixTests.debug.xcconfig */,
				5BB05139F601DA3252572C26 /* Pods-FlixTests.release.xcconfig */,
			);
			path = Pods;
			sourceTree = "<group>";
		};
		A227BD963D7BA6ECF9147FFE /* Frameworks */ = {
			isa = PBXGroup;
			children = (
				1AE8841C9DB5164A2F717920 /* Pods_Flix.framework */,
				C673D88A252CC6793A792B08 /* Pods_Flix_FlixUITests.framework */,
				69AB741865EFEF317868724E /* Pods_FlixTests.framework */,
			);
			name = Frameworks;
			sourceTree = "<group>";
		};
/* End PBXGroup section */

/* Begin PBXNativeTarget section */
		04E062B928D6ED0700DAA96F /* Flix */ = {
			isa = PBXNativeTarget;
			buildConfigurationList = 04E062E428D6ED0E00DAA96F /* Build configuration list for PBXNativeTarget "Flix" */;
			buildPhases = (
				1D9DCCB39ECF3040CBD2A9D9 /* [CP] Check Pods Manifest.lock */,
				04E062B628D6ED0700DAA96F /* Sources */,
				04E062B728D6ED0700DAA96F /* Frameworks */,
				04E062B828D6ED0700DAA96F /* Resources */,
				249AC4A33577720769187882 /* [CP] Embed Pods Frameworks */,
			);
			buildRules = (
			);
			dependencies = (
			);
			name = Flix;
			packageProductDependencies = (
				04E062F028D7B6EF00DAA96F /* AlamofireImage */,
			);
			productName = Flix;
			productReference = 04E062BA28D6ED0700DAA96F /* Flix.app */;
			productType = "com.apple.product-type.application";
		};
		04E062CF28D6ED0E00DAA96F /* FlixTests */ = {
			isa = PBXNativeTarget;
			buildConfigurationList = 04E062E728D6ED0E00DAA96F /* Build configuration list for PBXNativeTarget "FlixTests" */;
			buildPhases = (
				B826244A59E3F074138DA450 /* [CP] Check Pods Manifest.lock */,
				04E062CC28D6ED0E00DAA96F /* Sources */,
				04E062CD28D6ED0E00DAA96F /* Frameworks */,
				04E062CE28D6ED0E00DAA96F /* Resources */,
			);
			buildRules = (
			);
			dependencies = (
				04E062D228D6ED0E00DAA96F /* PBXTargetDependency */,
			);
			name = FlixTests;
			productName = FlixTests;
			productReference = 04E062D028D6ED0E00DAA96F /* FlixTests.xctest */;
			productType = "com.apple.product-type.bundle.unit-test";
		};
		04E062D928D6ED0E00DAA96F /* FlixUITests */ = {
			isa = PBXNativeTarget;
			buildConfigurationList = 04E062EA28D6ED0E00DAA96F /* Build configuration list for PBXNativeTarget "FlixUITests" */;
			buildPhases = (
				711FEB35010CAFFF75E93B77 /* [CP] Check Pods Manifest.lock */,
				04E062D628D6ED0E00DAA96F /* Sources */,
				04E062D728D6ED0E00DAA96F /* Frameworks */,
				04E062D828D6ED0E00DAA96F /* Resources */,
				1E51576B5C498CB4F1F99D0B /* [CP] Embed Pods Frameworks */,
			);
			buildRules = (
			);
			dependencies = (
				04E062DC28D6ED0E00DAA96F /* PBXTargetDependency */,
			);
			name = FlixUITests;
			productName = FlixUITests;
			productReference = 04E062DA28D6ED0E00DAA96F /* FlixUITests.xctest */;
			productType = "com.apple.product-type.bundle.ui-testing";
		};
/* End PBXNativeTarget section */

/* Begin PBXProject section */
		04E062B228D6ED0700DAA96F /* Project object */ = {
			isa = PBXProject;
			attributes = {
				BuildIndependentTargetsInParallel = 1;
				LastSwiftUpdateCheck = 1340;
				LastUpgradeCheck = 1340;
				TargetAttributes = {
					04E062B928D6ED0700DAA96F = {
						CreatedOnToolsVersion = 13.4.1;
					};
					04E062CF28D6ED0E00DAA96F = {
						CreatedOnToolsVersion = 13.4.1;
						TestTargetID = 04E062B928D6ED0700DAA96F;
					};
					04E062D928D6ED0E00DAA96F = {
						CreatedOnToolsVersion = 13.4.1;
						TestTargetID = 04E062B928D6ED0700DAA96F;
					};
				};
			};
			buildConfigurationList = 04E062B528D6ED0700DAA96F /* Build configuration list for PBXProject "Flix" */;
			compatibilityVersion = "Xcode 13.0";
			developmentRegion = en;
			hasScannedForEncodings = 0;
			knownRegions = (
				en,
				Base,
			);
			mainGroup = 04E062B128D6ED0700DAA96F;
			packageReferences = (
				04E062EF28D7B6EF00DAA96F /* XCRemoteSwiftPackageReference "AlamofireImage" */,
			);
			productRefGroup = 04E062BB28D6ED0700DAA96F /* Products */;
			projectDirPath = "";
			projectRoot = "";
			targets = (
				04E062B928D6ED0700DAA96F /* Flix */,
				04E062CF28D6ED0E00DAA96F /* FlixTests */,
				04E062D928D6ED0E00DAA96F /* FlixUITests */,
			);
		};
/* End PBXProject section */

/* Begin PBXResourcesBuildPhase section */
		04E062B828D6ED0700DAA96F /* Resources */ = {
			isa = PBXResourcesBuildPhase;
			buildActionMask = 2147483647;
			files = (
				04E062CA28D6ED0E00DAA96F /* LaunchScreen.storyboard in Resources */,
				04E062C728D6ED0E00DAA96F /* Assets.xcassets in Resources */,
				04E062C528D6ED0700DAA96F /* Main.storyboard in Resources */,
			);
			runOnlyForDeploymentPostprocessing = 0;
		};
		04E062CE28D6ED0E00DAA96F /* Resources */ = {
			isa = PBXResourcesBuildPhase;
			buildActionMask = 2147483647;
			files = (
			);
			runOnlyForDeploymentPostprocessing = 0;
		};
		04E062D828D6ED0E00DAA96F /* Resources */ = {
			isa = PBXResourcesBuildPhase;
			buildActionMask = 2147483647;
			files = (
			);
			runOnlyForDeploymentPostprocessing = 0;
		};
/* End PBXResourcesBuildPhase section */

/* Begin PBXShellScriptBuildPhase section */
		1D9DCCB39ECF3040CBD2A9D9 /* [CP] Check Pods Manifest.lock */ = {
			isa = PBXShellScriptBuildPhase;
			buildActionMask = 2147483647;
			files = (
			);
			inputFileListPaths = (
			);
			inputPaths = (
				"${PODS_PODFILE_DIR_PATH}/Podfile.lock",
				"${PODS_ROOT}/Manifest.lock",
			);
			name = "[CP] Check Pods Manifest.lock";
			outputFileListPaths = (
			);
			outputPaths = (
				"$(DERIVED_FILE_DIR)/Pods-Flix-checkManifestLockResult.txt",
			);
			runOnlyForDeploymentPostprocessing = 0;
			shellPath = /bin/sh;
			shellScript = "diff \"${PODS_PODFILE_DIR_PATH}/Podfile.lock\" \"${PODS_ROOT}/Manifest.lock\" > /dev/null\nif [ $? != 0 ] ; then\n    # print error to STDERR\n    echo \"error: The sandbox is not in sync with the Podfile.lock. Run 'pod install' or update your CocoaPods installation.\" >&2\n    exit 1\nfi\n# This output is used by Xcode 'outputs' to avoid re-running this script phase.\necho \"SUCCESS\" > \"${SCRIPT_OUTPUT_FILE_0}\"\n";
			showEnvVarsInLog = 0;
		};
		1E51576B5C498CB4F1F99D0B /* [CP] Embed Pods Frameworks */ = {
			isa = PBXShellScriptBuildPhase;
			buildActionMask = 2147483647;
			files = (
			);
			inputFileListPaths = (
				"${PODS_ROOT}/Target Support Files/Pods-Flix-FlixUITests/Pods-Flix-FlixUITests-frameworks-${CONFIGURATION}-input-files.xcfilelist",
			);
			name = "[CP] Embed Pods Frameworks";
			outputFileListPaths = (
				"${PODS_ROOT}/Target Support Files/Pods-Flix-FlixUITests/Pods-Flix-FlixUITests-frameworks-${CONFIGURATION}-output-files.xcfilelist",
			);
			runOnlyForDeploymentPostprocessing = 0;
			shellPath = /bin/sh;
			shellScript = "\"${PODS_ROOT}/Target Support Files/Pods-Flix-FlixUITests/Pods-Flix-FlixUITests-frameworks.sh\"\n";
			showEnvVarsInLog = 0;
		};
		249AC4A33577720769187882 /* [CP] Embed Pods Frameworks */ = {
			isa = PBXShellScriptBuildPhase;
			buildActionMask = 2147483647;
			files = (
			);
			inputFileListPaths = (
				"${PODS_ROOT}/Target Support Files/Pods-Flix/Pods-Flix-frameworks-${CONFIGURATION}-input-files.xcfilelist",
			);
			name = "[CP] Embed Pods Frameworks";
			outputFileListPaths = (
				"${PODS_ROOT}/Target Support Files/Pods-Flix/Pods-Flix-frameworks-${CONFIGURATION}-output-files.xcfilelist",
			);
			runOnlyForDeploymentPostprocessing = 0;
			shellPath = /bin/sh;
			shellScript = "\"${PODS_ROOT}/Target Support Files/Pods-Flix/Pods-Flix-frameworks.sh\"\n";
			showEnvVarsInLog = 0;
		};
		711FEB35010CAFFF75E93B77 /* [CP] Check Pods Manifest.lock */ = {
			isa = PBXShellScriptBuildPhase;
			buildActionMask = 2147483647;
			files = (
			);
			inputFileListPaths = (
			);
			inputPaths = (
				"${PODS_PODFILE_DIR_PATH}/Podfile.lock",
				"${PODS_ROOT}/Manifest.lock",
			);
			name = "[CP] Check Pods Manifest.lock";
			outputFileListPaths = (
			);
			outputPaths = (
				"$(DERIVED_FILE_DIR)/Pods-Flix-FlixUITests-checkManifestLockResult.txt",
			);
			runOnlyForDeploymentPostprocessing = 0;
			shellPath = /bin/sh;
			shellScript = "diff \"${PODS_PODFILE_DIR_PATH}/Podfile.lock\" \"${PODS_ROOT}/Manifest.lock\" > /dev/null\nif [ $? != 0 ] ; then\n    # print error to STDERR\n    echo \"error: The sandbox is not in sync with the Podfile.lock. Run 'pod install' or update your CocoaPods installation.\" >&2\n    exit 1\nfi\n# This output is used by Xcode 'outputs' to avoid re-running this script phase.\necho \"SUCCESS\" > \"${SCRIPT_OUTPUT_FILE_0}\"\n";
			showEnvVarsInLog = 0;
		};
		B826244A59E3F074138DA450 /* [CP] Check Pods Manifest.lock */ = {
			isa = PBXShellScriptBuildPhase;
			buildActionMask = 2147483647;
			files = (
			);
			inputFileListPaths = (
			);
			inputPaths = (
				"${PODS_PODFILE_DIR_PATH}/Podfile.lock",
				"${PODS_ROOT}/Manifest.lock",
			);
			name = "[CP] Check Pods Manifest.lock";
			outputFileListPaths = (
			);
			outputPaths = (
				"$(DERIVED_FILE_DIR)/Pods-FlixTests-checkManifestLockResult.txt",
			);
			runOnlyForDeploymentPostprocessing = 0;
			shellPath = /bin/sh;
			shellScript = "diff \"${PODS_PODFILE_DIR_PATH}/Podfile.lock\" \"${PODS_ROOT}/Manifest.lock\" > /dev/null\nif [ $? != 0 ] ; then\n    # print error to STDERR\n    echo \"error: The sandbox is not in sync with the Podfile.lock. Run 'pod install' or update your CocoaPods installation.\" >&2\n    exit 1\nfi\n# This output is used by Xcode 'outputs' to avoid re-running this script phase.\necho \"SUCCESS\" > \"${SCRIPT_OUTPUT_FILE_0}\"\n";
			showEnvVarsInLog = 0;
		};
/* End PBXShellScriptBuildPhase section */

/* Begin PBXSourcesBuildPhase section */
		04E062B628D6ED0700DAA96F /* Sources */ = {
			isa = PBXSourcesBuildPhase;
			buildActionMask = 2147483647;
			files = (
				0404A27628DE5BCD006AB205 /* MovieDetailsViewController.swift in Sources */,
				04E062C228D6ED0700DAA96F /* MoviesViewController.swift in Sources */,
				04E062BE28D6ED0700DAA96F /* AppDelegate.swift in Sources */,
				04E062EE28D7629100DAA96F /* MovieCell.swift in Sources */,
				04E062C028D6ED0700DAA96F /* SceneDelegate.swift in Sources */,
				0404A27828DEA21D006AB205 /* MovieGridViewController.swift in Sources */,
			);
			runOnlyForDeploymentPostprocessing = 0;
		};
		04E062CC28D6ED0E00DAA96F /* Sources */ = {
			isa = PBXSourcesBuildPhase;
			buildActionMask = 2147483647;
			files = (
				04E062D528D6ED0E00DAA96F /* FlixTests.swift in Sources */,
			);
			runOnlyForDeploymentPostprocessing = 0;
		};
		04E062D628D6ED0E00DAA96F /* Sources */ = {
			isa = PBXSourcesBuildPhase;
			buildActionMask = 2147483647;
			files = (
				04E062DF28D6ED0E00DAA96F /* FlixUITests.swift in Sources */,
				04E062E128D6ED0E00DAA96F /* FlixUITestsLaunchTests.swift in Sources */,
			);
			runOnlyForDeploymentPostprocessing = 0;
		};
/* End PBXSourcesBuildPhase section */

/* Begin PBXTargetDependency section */
		04E062D228D6ED0E00DAA96F /* PBXTargetDependency */ = {
			isa = PBXTargetDependency;
			target = 04E062B928D6ED0700DAA96F /* Flix */;
			targetProxy = 04E062D128D6ED0E00DAA96F /* PBXContainerItemProxy */;
		};
		04E062DC28D6ED0E00DAA96F /* PBXTargetDependency */ = {
			isa = PBXTargetDependency;
			target = 04E062B928D6ED0700DAA96F /* Flix */;
			targetProxy = 04E062DB28D6ED0E00DAA96F /* PBXContainerItemProxy */;
		};
/* End PBXTargetDependency section */

/* Begin PBXVariantGroup section */
		04E062C328D6ED0700DAA96F /* Main.storyboard */ = {
			isa = PBXVariantGroup;
			children = (
				04E062C428D6ED0700DAA96F /* Base */,
			);
			name = Main.storyboard;
			sourceTree = "<group>";
		};
		04E062C828D6ED0E00DAA96F /* LaunchScreen.storyboard */ = {
			isa = PBXVariantGroup;
			children = (
				04E062C928D6ED0E00DAA96F /* Base */,
			);
			name = LaunchScreen.storyboard;
			sourceTree = "<group>";
		};
/* End PBXVariantGroup section */

/* Begin XCBuildConfiguration section */
		04E062E228D6ED0E00DAA96F /* Debug */ = {
			isa = XCBuildConfiguration;
			buildSettings = {
				ALWAYS_SEARCH_USER_PATHS = NO;
				CLANG_ANALYZER_NONNULL = YES;
				CLANG_ANALYZER_NUMBER_OBJECT_CONVERSION = YES_AGGRESSIVE;
				CLANG_CXX_LANGUAGE_STANDARD = "gnu++17";
				CLANG_ENABLE_MODULES = YES;
				CLANG_ENABLE_OBJC_ARC = YES;
				CLANG_ENABLE_OBJC_WEAK = YES;
				CLANG_WARN_BLOCK_CAPTURE_AUTORELEASING = YES;
				CLANG_WARN_BOOL_CONVERSION = YES;
				CLANG_WARN_COMMA = YES;
				CLANG_WARN_CONSTANT_CONVERSION = YES;
				CLANG_WARN_DEPRECATED_OBJC_IMPLEMENTATIONS = YES;
				CLANG_WARN_DIRECT_OBJC_ISA_USAGE = YES_ERROR;
				CLANG_WARN_DOCUMENTATION_COMMENTS = YES;
				CLANG_WARN_EMPTY_BODY = YES;
				CLANG_WARN_ENUM_CONVERSION = YES;
				CLANG_WARN_INFINITE_RECURSION = YES;
				CLANG_WARN_INT_CONVERSION = YES;
				CLANG_WARN_NON_LITERAL_NULL_CONVERSION = YES;
				CLANG_WARN_OBJC_IMPLICIT_RETAIN_SELF = YES;
				CLANG_WARN_OBJC_LITERAL_CONVERSION = YES;
				CLANG_WARN_OBJC_ROOT_CLASS = YES_ERROR;
				CLANG_WARN_QUOTED_INCLUDE_IN_FRAMEWORK_HEADER = YES;
				CLANG_WARN_RANGE_LOOP_ANALYSIS = YES;
				CLANG_WARN_STRICT_PROTOTYPES = YES;
				CLANG_WARN_SUSPICIOUS_MOVE = YES;
				CLANG_WARN_UNGUARDED_AVAILABILITY = YES_AGGRESSIVE;
				CLANG_WARN_UNREACHABLE_CODE = YES;
				CLANG_WARN__DUPLICATE_METHOD_MATCH = YES;
				COPY_PHASE_STRIP = NO;
				DEBUG_INFORMATION_FORMAT = dwarf;
				ENABLE_STRICT_OBJC_MSGSEND = YES;
				ENABLE_TESTABILITY = YES;
				GCC_C_LANGUAGE_STANDARD = gnu11;
				GCC_DYNAMIC_NO_PIC = NO;
				GCC_NO_COMMON_BLOCKS = YES;
				GCC_OPTIMIZATION_LEVEL = 0;
				GCC_PREPROCESSOR_DEFINITIONS = (
					"DEBUG=1",
					"$(inherited)",
				);
				GCC_WARN_64_TO_32_BIT_CONVERSION = YES;
				GCC_WARN_ABOUT_RETURN_TYPE = YES_ERROR;
				GCC_WARN_UNDECLARED_SELECTOR = YES;
				GCC_WARN_UNINITIALIZED_AUTOS = YES_AGGRESSIVE;
				GCC_WARN_UNUSED_FUNCTION = YES;
				GCC_WARN_UNUSED_VARIABLE = YES;
				IPHONEOS_DEPLOYMENT_TARGET = 15.5;
				MTL_ENABLE_DEBUG_INFO = INCLUDE_SOURCE;
				MTL_FAST_MATH = YES;
				ONLY_ACTIVE_ARCH = YES;
				SDKROOT = iphoneos;
				SWIFT_ACTIVE_COMPILATION_CONDITIONS = DEBUG;
				SWIFT_OPTIMIZATION_LEVEL = "-Onone";
			};
			name = Debug;
		};
		04E062E328D6ED0E00DAA96F /* Release */ = {
			isa = XCBuildConfiguration;
			buildSettings = {
				ALWAYS_SEARCH_USER_PATHS = NO;
				CLANG_ANALYZER_NONNULL = YES;
				CLANG_ANALYZER_NUMBER_OBJECT_CONVERSION = YES_AGGRESSIVE;
				CLANG_CXX_LANGUAGE_STANDARD = "gnu++17";
				CLANG_ENABLE_MODULES = YES;
				CLANG_ENABLE_OBJC_ARC = YES;
				CLANG_ENABLE_OBJC_WEAK = YES;
				CLANG_WARN_BLOCK_CAPTURE_AUTORELEASING = YES;
				CLANG_WARN_BOOL_CONVERSION = YES;
				CLANG_WARN_COMMA = YES;
				CLANG_WARN_CONSTANT_CONVERSION = YES;
				CLANG_WARN_DEPRECATED_OBJC_IMPLEMENTATIONS = YES;
				CLANG_WARN_DIRECT_OBJC_ISA_USAGE = YES_ERROR;
				CLANG_WARN_DOCUMENTATION_COMMENTS = YES;
				CLANG_WARN_EMPTY_BODY = YES;
				CLANG_WARN_ENUM_CONVERSION = YES;
				CLANG_WARN_INFINITE_RECURSION = YES;
				CLANG_WARN_INT_CONVERSION = YES;
				CLANG_WARN_NON_LITERAL_NULL_CONVERSION = YES;
				CLANG_WARN_OBJC_IMPLICIT_RETAIN_SELF = YES;
				CLANG_WARN_OBJC_LITERAL_CONVERSION = YES;
				CLANG_WARN_OBJC_ROOT_CLASS = YES_ERROR;
				CLANG_WARN_QUOTED_INCLUDE_IN_FRAMEWORK_HEADER = YES;
				CLANG_WARN_RANGE_LOOP_ANALYSIS = YES;
				CLANG_WARN_STRICT_PROTOTYPES = YES;
				CLANG_WARN_SUSPICIOUS_MOVE = YES;
				CLANG_WARN_UNGUARDED_AVAILABILITY = YES_AGGRESSIVE;
				CLANG_WARN_UNREACHABLE_CODE = YES;
				CLANG_WARN__DUPLICATE_METHOD_MATCH = YES;
				COPY_PHASE_STRIP = NO;
				DEBUG_INFORMATION_FORMAT = "dwarf-with-dsym";
				ENABLE_NS_ASSERTIONS = NO;
				ENABLE_STRICT_OBJC_MSGSEND = YES;
				GCC_C_LANGUAGE_STANDARD = gnu11;
				GCC_NO_COMMON_BLOCKS = YES;
				GCC_WARN_64_TO_32_BIT_CONVERSION = YES;
				GCC_WARN_ABOUT_RETURN_TYPE = YES_ERROR;
				GCC_WARN_UNDECLARED_SELECTOR = YES;
				GCC_WARN_UNINITIALIZED_AUTOS = YES_AGGRESSIVE;
				GCC_WARN_UNUSED_FUNCTION = YES;
				GCC_WARN_UNUSED_VARIABLE = YES;
				IPHONEOS_DEPLOYMENT_TARGET = 15.5;
				MTL_ENABLE_DEBUG_INFO = NO;
				MTL_FAST_MATH = YES;
				SDKROOT = iphoneos;
				SWIFT_COMPILATION_MODE = wholemodule;
				SWIFT_OPTIMIZATION_LEVEL = "-O";
				VALIDATE_PRODUCT = YES;
			};
			name = Release;
		};
		04E062E528D6ED0E00DAA96F /* Debug */ = {
			isa = XCBuildConfiguration;
			baseConfigurationReference = 284EDE36EB0715C6196013BE /* Pods-Flix.debug.xcconfig */;
			buildSettings = {
				ASSETCATALOG_COMPILER_APPICON_NAME = AppIcon;
				ASSETCATALOG_COMPILER_GLOBAL_ACCENT_COLOR_NAME = AccentColor;
				CODE_SIGN_STYLE = Automatic;
				CURRENT_PROJECT_VERSION = 1;
				DEVELOPMENT_TEAM = 9ANU9CJN6K;
				GENERATE_INFOPLIST_FILE = YES;
				INFOPLIST_FILE = Flix/Info.plist;
				INFOPLIST_KEY_UIApplicationSupportsIndirectInputEvents = YES;
				INFOPLIST_KEY_UILaunchStoryboardName = LaunchScreen;
				INFOPLIST_KEY_UIMainStoryboardFile = Main;
				INFOPLIST_KEY_UISupportedInterfaceOrientations_iPad = "UIInterfaceOrientationPortrait UIInterfaceOrientationPortraitUpsideDown UIInterfaceOrientationLandscapeLeft UIInterfaceOrientationLandscapeRight";
				INFOPLIST_KEY_UISupportedInterfaceOrientations_iPhone = "UIInterfaceOrientationPortrait UIInterfaceOrientationLandscapeLeft UIInterfaceOrientationLandscapeRight";
				LD_RUNPATH_SEARCH_PATHS = (
					"$(inherited)",
					"@executable_path/Frameworks",
				);
				MARKETING_VERSION = 1.0;
				PRODUCT_BUNDLE_IDENTIFIER = com.johana.Flix;
				PRODUCT_NAME = "$(TARGET_NAME)";
				SWIFT_EMIT_LOC_STRINGS = YES;
				SWIFT_VERSION = 5.0;
				TARGETED_DEVICE_FAMILY = "1,2";
			};
			name = Debug;
		};
		04E062E628D6ED0E00DAA96F /* Release */ = {
			isa = XCBuildConfiguration;
			baseConfigurationReference = 52CE0B682B46EFFFC4560A06 /* Pods-Flix.release.xcconfig */;
			buildSettings = {
				ASSETCATALOG_COMPILER_APPICON_NAME = AppIcon;
				ASSETCATALOG_COMPILER_GLOBAL_ACCENT_COLOR_NAME = AccentColor;
				CODE_SIGN_STYLE = Automatic;
				CURRENT_PROJECT_VERSION = 1;
				DEVELOPMENT_TEAM = 9ANU9CJN6K;
				GENERATE_INFOPLIST_FILE = YES;
				INFOPLIST_FILE = Flix/Info.plist;
				INFOPLIST_KEY_UIApplicationSupportsIndirectInputEvents = YES;
				INFOPLIST_KEY_UILaunchStoryboardName = LaunchScreen;
				INFOPLIST_KEY_UIMainStoryboardFile = Main;
				INFOPLIST_KEY_UISupportedInterfaceOrientations_iPad = "UIInterfaceOrientationPortrait UIInterfaceOrientationPortraitUpsideDown UIInterfaceOrientationLandscapeLeft UIInterfaceOrientationLandscapeRight";
				INFOPLIST_KEY_UISupportedInterfaceOrientations_iPhone = "UIInterfaceOrientationPortrait UIInterfaceOrientationLandscapeLeft UIInterfaceOrientationLandscapeRight";
				LD_RUNPATH_SEARCH_PATHS = (
					"$(inherited)",
					"@executable_path/Frameworks",
				);
				MARKETING_VERSION = 1.0;
				PRODUCT_BUNDLE_IDENTIFIER = com.johana.Flix;
				PRODUCT_NAME = "$(TARGET_NAME)";
				SWIFT_EMIT_LOC_STRINGS = YES;
				SWIFT_VERSION = 5.0;
				TARGETED_DEVICE_FAMILY = "1,2";
			};
			name = Release;
		};
		04E062E828D6ED0E00DAA96F /* Debug */ = {
			isa = XCBuildConfiguration;
			baseConfigurationReference = A976F1D77F69B7D173BA946E /* Pods-FlixTests.debug.xcconfig */;
			buildSettings = {
				ALWAYS_EMBED_SWIFT_STANDARD_LIBRARIES = YES;
				BUNDLE_LOADER = "$(TEST_HOST)";
				CODE_SIGN_STYLE = Automatic;
				CURRENT_PROJECT_VERSION = 1;
				DEVELOPMENT_TEAM = 9ANU9CJN6K;
				GENERATE_INFOPLIST_FILE = YES;
				IPHONEOS_DEPLOYMENT_TARGET = 15.5;
				MARKETING_VERSION = 1.0;
				PRODUCT_BUNDLE_IDENTIFIER = com.johana.FlixTests;
				PRODUCT_NAME = "$(TARGET_NAME)";
				SWIFT_EMIT_LOC_STRINGS = NO;
				SWIFT_VERSION = 5.0;
				TARGETED_DEVICE_FAMILY = "1,2";
				TEST_HOST = "$(BUILT_PRODUCTS_DIR)/Flix.app/Flix";
			};
			name = Debug;
		};
		04E062E928D6ED0E00DAA96F /* Release */ = {
			isa = XCBuildConfiguration;
			baseConfigurationReference = 5BB05139F601DA3252572C26 /* Pods-FlixTests.release.xcconfig */;
			buildSettings = {
				ALWAYS_EMBED_SWIFT_STANDARD_LIBRARIES = YES;
				BUNDLE_LOADER = "$(TEST_HOST)";
				CODE_SIGN_STYLE = Automatic;
				CURRENT_PROJECT_VERSION = 1;
				DEVELOPMENT_TEAM = 9ANU9CJN6K;
				GENERATE_INFOPLIST_FILE = YES;
				IPHONEOS_DEPLOYMENT_TARGET = 15.5;
				MARKETING_VERSION = 1.0;
				PRODUCT_BUNDLE_IDENTIFIER = com.johana.FlixTests;
				PRODUCT_NAME = "$(TARGET_NAME)";
				SWIFT_EMIT_LOC_STRINGS = NO;
				SWIFT_VERSION = 5.0;
				TARGETED_DEVICE_FAMILY = "1,2";
				TEST_HOST = "$(BUILT_PRODUCTS_DIR)/Flix.app/Flix";
			};
			name = Release;
		};
		04E062EB28D6ED0E00DAA96F /* Debug */ = {
			isa = XCBuildConfiguration;
			baseConfigurationReference = 93059C22B613A03DA7214AF4 /* Pods-Flix-FlixUITests.debug.xcconfig */;
			buildSettings = {
				ALWAYS_EMBED_SWIFT_STANDARD_LIBRARIES = YES;
				CODE_SIGN_STYLE = Automatic;
				CURRENT_PROJECT_VERSION = 1;
				DEVELOPMENT_TEAM = 9ANU9CJN6K;
				GENERATE_INFOPLIST_FILE = YES;
				MARKETING_VERSION = 1.0;
				PRODUCT_BUNDLE_IDENTIFIER = com.johana.FlixUITests;
				PRODUCT_NAME = "$(TARGET_NAME)";
				SWIFT_EMIT_LOC_STRINGS = NO;
				SWIFT_VERSION = 5.0;
				TARGETED_DEVICE_FAMILY = "1,2";
				TEST_TARGET_NAME = Flix;
			};
			name = Debug;
		};
		04E062EC28D6ED0E00DAA96F /* Release */ = {
			isa = XCBuildConfiguration;
			baseConfigurationReference = 573955FE545026FD5C17446C /* Pods-Flix-FlixUITests.release.xcconfig */;
			buildSettings = {
				ALWAYS_EMBED_SWIFT_STANDARD_LIBRARIES = YES;
				CODE_SIGN_STYLE = Automatic;
				CURRENT_PROJECT_VERSION = 1;
				DEVELOPMENT_TEAM = 9ANU9CJN6K;
				GENERATE_INFOPLIST_FILE = YES;
				MARKETING_VERSION = 1.0;
				PRODUCT_BUNDLE_IDENTIFIER = com.johana.FlixUITests;
				PRODUCT_NAME = "$(TARGET_NAME)";
				SWIFT_EMIT_LOC_STRINGS = NO;
				SWIFT_VERSION = 5.0;
				TARGETED_DEVICE_FAMILY = "1,2";
				TEST_TARGET_NAME = Flix;
			};
			name = Release;
		};
/* End XCBuildConfiguration section */

/* Begin XCConfigurationList section */
		04E062B528D6ED0700DAA96F /* Build configuration list for PBXProject "Flix" */ = {
			isa = XCConfigurationList;
			buildConfigurations = (
				04E062E228D6ED0E00DAA96F /* Debug */,
				04E062E328D6ED0E00DAA96F /* Release */,
			);
			defaultConfigurationIsVisible = 0;
			defaultConfigurationName = Release;
		};
		04E062E428D6ED0E00DAA96F /* Build configuration list for PBXNativeTarget "Flix" */ = {
			isa = XCConfigurationList;
			buildConfigurations = (
				04E062E528D6ED0E00DAA96F /* Debug */,
				04E062E628D6ED0E00DAA96F /* Release */,
			);
			defaultConfigurationIsVisible = 0;
			defaultConfigurationName = Release;
		};
		04E062E728D6ED0E00DAA96F /* Build configuration list for PBXNativeTarget "FlixTests" */ = {
			isa = XCConfigurationList;
			buildConfigurations = (
				04E062E828D6ED0E00DAA96F /* Debug */,
				04E062E928D6ED0E00DAA96F /* Release */,
			);
			defaultConfigurationIsVisible = 0;
			defaultConfigurationName = Release;
		};
		04E062EA28D6ED0E00DAA96F /* Build configuration list for PBXNativeTarget "FlixUITests" */ = {
			isa = XCConfigurationList;
			buildConfigurations = (
				04E062EB28D6ED0E00DAA96F /* Debug */,
				04E062EC28D6ED0E00DAA96F /* Release */,
			);
			defaultConfigurationIsVisible = 0;
			defaultConfigurationName = Release;
		};
/* End XCConfigurationList section */

/* Begin XCRemoteSwiftPackageReference section */
		04E062EF28D7B6EF00DAA96F /* XCRemoteSwiftPackageReference "AlamofireImage" */ = {
			isa = XCRemoteSwiftPackageReference;
			repositoryURL = "https://github.com/Alamofire/AlamofireImage";
			requirement = {
				kind = upToNextMajorVersion;
				minimumVersion = 4.0.0;
			};
		};
/* End XCRemoteSwiftPackageReference section */

/* Begin XCSwiftPackageProductDependency section */
		04E062F028D7B6EF00DAA96F /* AlamofireImage */ = {
			isa = XCSwiftPackageProductDependency;
			package = 04E062EF28D7B6EF00DAA96F /* XCRemoteSwiftPackageReference "AlamofireImage" */;
			productName = AlamofireImage;
		};
/* End XCSwiftPackageProductDependency section */
	};
	rootObject = 04E062B228D6ED0700DAA96F /* Project object */;
}
